
Microsoft Visual Studio Solution File, Format Version 12.00
# Visual Studio 15
VisualStudioVersion = 15.0.26430.16
MinimumVisualStudioVersion = 10.0.40219.1
Project("{FAE04EC0-301F-11D3-BF4B-00C04F79EFBC}") = "Monster Database", "Monster Database\Monster Database.csproj", "{6F79A651-A8C4-4CC2-8295-3D83581BB2D7}"
EndProject
Project("{FAE04EC0-301F-11D3-BF4B-00C04F79EFBC}") = "MonsterDatabaseLibrary", "MonsterDatabaseLibrary\MonsterDatabaseLibrary.csproj", "{844448DE-E4E6-4D38-A5C3-F1B721DC846A}"
EndProject
Global
	GlobalSection(SolutionConfigurationPlatforms) = preSolution
		Debug|Any CPU = Debug|Any CPU
		Release|Any CPU = Release|Any CPU
	EndGlobalSection
	GlobalSection(ProjectConfigurationPlatforms) = postSolution
		{6F79A651-A8C4-4CC2-8295-3D83581BB2D7}.Debug|Any CPU.ActiveCfg = Debug|Any CPU
		{6F79A651-A8C4-4CC2-8295-3D83581BB2D7}.Debug|Any CPU.Build.0 = Debug|Any CPU
		{6F79A651-A8C4-4CC2-8295-3D83581BB2D7}.Release|Any CPU.ActiveCfg = Release|Any CPU
		{6F79A651-A8C4-4CC2-8295-3D83581BB2D7}.Release|Any CPU.Build.0 = Release|Any CPU
		{844448DE-E4E6-4D38-A5C3-F1B721DC846A}.Debug|Any CPU.ActiveCfg = Debug|Any CPU
		{844448DE-E4E6-4D38-A5C3-F1B721DC846A}.Debug|Any CPU.Build.0 = Debug|Any CPU
		{844448DE-E4E6-4D38-A5C3-F1B721DC846A}.Release|Any CPU.ActiveCfg = Release|Any CPU
		{844448DE-E4E6-4D38-A5C3-F1B721DC846A}.Release|Any CPU.Build.0 = Release|Any CPU
	EndGlobalSection
	GlobalSection(SolutionProperties) = preSolution
		HideSolutionNode = FALSE
	EndGlobalSection
EndGlobal
